// !$*UTF8*$!
{
	archiveVersion = 1;
	classes = {
	};
	objectVersion = 46;
	objects = {

/* Begin PBXBuildFile section */
		000B92471E30BCDF00E278CA /* MarsForRN.mm in Sources */ = {isa = PBXBuildFile; fileRef = 000B92461E30BCDF00E278CA /* MarsForRN.mm */; };
		23240BE91E31BAEB00669F70 /* RCTMarsModule.m in Sources */ = {isa = PBXBuildFile; fileRef = 23240BE81E31BAEB00669F70 /* RCTMarsModule.m */; };
/* End PBXBuildFile section */

/* Begin PBXCopyFilesBuildPhase section */
		000B92771E30D3F200E278CA /* CopyFiles */ = {
			isa = PBXCopyFilesBuildPhase;
			buildActionMask = 2147483647;
			dstPath = "include/$(PRODUCT_NAME)";
			dstSubfolderSpec = 16;
			files = (
			);
			runOnlyForDeploymentPostprocessing = 0;
		};
/* End PBXCopyFilesBuildPhase section */

/* Begin PBXFileReference section */
		000B92411E30BCDF00E278CA /* libMarsForRN.a */ = {isa = PBXFileReference; explicitFileType = archive.ar; includeInIndex = 0; path = libMarsForRN.a; sourceTree = BUILT_PRODUCTS_DIR; };
		000B92441E30BCDF00E278CA /* MarsForRN.h */ = {isa = PBXFileReference; lastKnownFileType = sourcecode.c.h; path = MarsForRN.h; sourceTree = "<group>"; };
		000B92461E30BCDF00E278CA /* MarsForRN.mm */ = {isa = PBXFileReference; lastKnownFileType = sourcecode.cpp.objcpp; path = MarsForRN.mm; sourceTree = "<group>"; };
		23240BE71E31BAEB00669F70 /* RCTMarsModule.h */ = {isa = PBXFileReference; fileEncoding = 4; lastKnownFileType = sourcecode.c.h; path = RCTMarsModule.h; sourceTree = "<group>"; };
		23240BE81E31BAEB00669F70 /* RCTMarsModule.m */ = {isa = PBXFileReference; fileEncoding = 4; lastKnownFileType = sourcecode.c.objc; path = RCTMarsModule.m; sourceTree = "<group>"; };
		23240BEA1E31FB8700669F70 /* PublicComponentV2 */ = {isa = PBXFileReference; lastKnownFileType = folder; path = PublicComponentV2; sourceTree = "<group>"; };
		23240BEB1E320E8000669F70 /* Bussiness */ = {isa = PBXFileReference; lastKnownFileType = folder; path = Bussiness; sourceTree = "<group>"; };
/* End PBXFileReference section */

/* Begin PBXFrameworksBuildPhase section */
		000B923E1E30BCDF00E278CA /* Frameworks */ = {
			isa = PBXFrameworksBuildPhase;
			buildActionMask = 2147483647;
			files = (
			);
			runOnlyForDeploymentPostprocessing = 0;
		};
/* End PBXFrameworksBuildPhase section */

/* Begin PBXGroup section */
		000B92381E30BCDF00E278CA = {
			isa = PBXGroup;
			children = (
				000B92431E30BCDF00E278CA /* MarsForRN */,
				000B92421E30BCDF00E278CA /* Products */,
			);
			sourceTree = "<group>";
		};
		000B92421E30BCDF00E278CA /* Products */ = {
			isa = PBXGroup;
			children = (
				000B92411E30BCDF00E278CA /* libMarsForRN.a */,
			);
			name = Products;
			sourceTree = "<group>";
		};
		000B92431E30BCDF00E278CA /* MarsForRN */ = {
			isa = PBXGroup;
			children = (
				23240BEB1E320E8000669F70 /* Bussiness */,
				23240BEA1E31FB8700669F70 /* PublicComponentV2 */,
				23240BE71E31BAEB00669F70 /* RCTMarsModule.h */,
				23240BE81E31BAEB00669F70 /* RCTMarsModule.m */,
				000B92441E30BCDF00E278CA /* MarsForRN.h */,
				000B92461E30BCDF00E278CA /* MarsForRN.mm */,
			);
			path = MarsForRN;
			sourceTree = "<group>";
		};
/* End PBXGroup section */

/* Begin PBXNativeTarget section */
		000B92401E30BCDF00E278CA /* MarsForRN */ = {
			isa = PBXNativeTarget;
			buildConfigurationList = 000B924A1E30BCDF00E278CA /* Build configuration list for PBXNativeTarget "MarsForRN" */;
			buildPhases = (
				000B923D1E30BCDF00E278CA /* Sources */,
				000B923E1E30BCDF00E278CA /* Frameworks */,
				000B92771E30D3F200E278CA /* CopyFiles */,
			);
			buildRules = (
			);
			dependencies = (
			);
			name = MarsForRN;
			productName = MarsForRN;
			productReference = 000B92411E30BCDF00E278CA /* libMarsForRN.a */;
			productType = "com.apple.product-type.library.static";
		};
/* End PBXNativeTarget section */

/* Begin PBXProject section */
		000B92391E30BCDF00E278CA /* Project object */ = {
			isa = PBXProject;
			attributes = {
				LastUpgradeCheck = 0820;
				ORGANIZATIONNAME = Caijiacheng;
				TargetAttributes = {
					000B92401E30BCDF00E278CA = {
						CreatedOnToolsVersion = 8.2.1;
						ProvisioningStyle = Automatic;
					};
				};
			};
			buildConfigurationList = 000B923C1E30BCDF00E278CA /* Build configuration list for PBXProject "MarsForRN" */;
			compatibilityVersion = "Xcode 3.2";
			developmentRegion = English;
			hasScannedForEncodings = 0;
			knownRegions = (
				en,
			);
			mainGroup = 000B92381E30BCDF00E278CA;
			productRefGroup = 000B92421E30BCDF00E278CA /* Products */;
			projectDirPath = "";
			projectRoot = "";
			targets = (
				000B92401E30BCDF00E278CA /* MarsForRN */,
			);
		};
/* End PBXProject section */

/* Begin PBXSourcesBuildPhase section */
		000B923D1E30BCDF00E278CA /* Sources */ = {
			isa = PBXSourcesBuildPhase;
			buildActionMask = 2147483647;
			files = (
				23240BE91E31BAEB00669F70 /* RCTMarsModule.m in Sources */,
				000B92471E30BCDF00E278CA /* MarsForRN.mm in Sources */,
			);
			runOnlyForDeploymentPostprocessing = 0;
		};
/* End PBXSourcesBuildPhase section */

/* Begin XCBuildConfiguration section */
		000B92481E30BCDF00E278CA /* Debug */ = {
			isa = XCBuildConfiguration;
			buildSettings = {
				ALWAYS_SEARCH_USER_PATHS = NO;
				CLANG_ANALYZER_NONNULL = YES;
				CLANG_CXX_LANGUAGE_STANDARD = "gnu++0x";
				CLANG_CXX_LIBRARY = "libc++";
				CLANG_ENABLE_MODULES = YES;
				CLANG_ENABLE_OBJC_ARC = YES;
				CLANG_WARN_BOOL_CONVERSION = YES;
				CLANG_WARN_CONSTANT_CONVERSION = YES;
				CLANG_WARN_DIRECT_OBJC_ISA_USAGE = YES_ERROR;
				CLANG_WARN_DOCUMENTATION_COMMENTS = YES;
				CLANG_WARN_EMPTY_BODY = YES;
				CLANG_WARN_ENUM_CONVERSION = YES;
				CLANG_WARN_INFINITE_RECURSION = YES;
				CLANG_WARN_INT_CONVERSION = YES;
				CLANG_WARN_OBJC_ROOT_CLASS = YES_ERROR;
				CLANG_WARN_SUSPICIOUS_MOVE = YES;
				CLANG_WARN_UNREACHABLE_CODE = YES;
				CLANG_WARN__DUPLICATE_METHOD_MATCH = YES;
				CODE_SIGN_IDENTITY = "-";
				COPY_PHASE_STRIP = NO;
				ENABLE_STRICT_OBJC_MSGSEND = YES;
				GCC_C_LANGUAGE_STANDARD = gnu99;
				GCC_DYNAMIC_NO_PIC = NO;
				GCC_NO_COMMON_BLOCKS = YES;
				GCC_OPTIMIZATION_LEVEL = 0;
				GCC_PREPROCESSOR_DEFINITIONS = (
					"DEBUG=1",
					"$(inherited)",
				);
				GCC_WARN_64_TO_32_BIT_CONVERSION = YES;
				GCC_WARN_ABOUT_RETURN_TYPE = YES_ERROR;
				GCC_WARN_UNDECLARED_SELECTOR = YES;
				GCC_WARN_UNINITIALIZED_AUTOS = YES_AGGRESSIVE;
				GCC_WARN_UNUSED_FUNCTION = YES;
				GCC_WARN_UNUSED_VARIABLE = YES;
				MTL_ENABLE_DEBUG_INFO = YES;
				ONLY_ACTIVE_ARCH = YES;
				SDKROOT = iphoneos;
				SKIP_INSTALL = YES;
			};
			name = Debug;
		};
		000B92491E30BCDF00E278CA /* Release */ = {
			isa = XCBuildConfiguration;
			buildSettings = {
				ALWAYS_SEARCH_USER_PATHS = NO;
				CLANG_ANALYZER_NONNULL = YES;
				CLANG_CXX_LANGUAGE_STANDARD = "gnu++0x";
				CLANG_CXX_LIBRARY = "libc++";
				CLANG_ENABLE_MODULES = YES;
				CLANG_ENABLE_OBJC_ARC = YES;
				CLANG_WARN_BOOL_CONVERSION = YES;
				CLANG_WARN_CONSTANT_CONVERSION = YES;
				CLANG_WARN_DIRECT_OBJC_ISA_USAGE = YES_ERROR;
				CLANG_WARN_DOCUMENTATION_COMMENTS = YES;
				CLANG_WARN_EMPTY_BODY = YES;
				CLANG_WARN_ENUM_CONVERSION = YES;
				CLANG_WARN_INFINITE_RECURSION = YES;
				CLANG_WARN_INT_CONVERSION = YES;
				CLANG_WARN_OBJC_ROOT_CLASS = YES_ERROR;
				CLANG_WARN_SUSPICIOUS_MOVE = YES;
				CLANG_WARN_UNREACHABLE_CODE = YES;
				CLANG_WARN__DUPLICATE_METHOD_MATCH = YES;
				CODE_SIGN_IDENTITY = "-";
				ENABLE_NS_ASSERTIONS = NO;
				ENABLE_STRICT_OBJC_MSGSEND = YES;
				GCC_C_LANGUAGE_STANDARD = gnu99;
				GCC_NO_COMMON_BLOCKS = YES;
				GCC_WARN_64_TO_32_BIT_CONVERSION = YES;
				GCC_WARN_ABOUT_RETURN_TYPE = YES_ERROR;
				GCC_WARN_UNDECLARED_SELECTOR = YES;
				GCC_WARN_UNINITIALIZED_AUTOS = YES_AGGRESSIVE;
				GCC_WARN_UNUSED_FUNCTION = YES;
				GCC_WARN_UNUSED_VARIABLE = YES;
				MTL_ENABLE_DEBUG_INFO = NO;
				SDKROOT = iphoneos;
				SKIP_INSTALL = YES;
				VALIDATE_PRODUCT = YES;
			};
			name = Release;
		};
		000B924B1E30BCDF00E278CA /* Debug */ = {
			isa = XCBuildConfiguration;
			buildSettings = {
				FRAMEWORK_SEARCH_PATHS = (
					"$(SRCROOT)/",
					"$(SRCROOT)/../../../ios/",
				);
				HEADER_SEARCH_PATHS = (
					"$(inherited)",
					/Applications/Xcode.app/Contents/Developer/Toolchains/XcodeDefault.xctoolchain/usr/include,
					"$(SRCROOT)/../../react-native/React/**",
					"$(SRCROOT)/../node_modules/react-native/React/**",
					"$(SRCROOT)/../../../ios/mars.framework/**",
					"$(SRCROOT)/mars.framework/**",
				);
				OTHER_LDFLAGS = "-ObjC";
				PRODUCT_NAME = "$(TARGET_NAME)";
			};
			name = Debug;
		};
		000B924C1E30BCDF00E278CA /* Release */ = {
			isa = XCBuildConfiguration;
			buildSettings = {
				FRAMEWORK_SEARCH_PATHS = (
					"$(SRCROOT)/",
					"$(SRCROOT)/../../../ios/",
				);
				HEADER_SEARCH_PATHS = (
					"$(inherited)",
					/Applications/Xcode.app/Contents/Developer/Toolchains/XcodeDefault.xctoolchain/usr/include,
					"$(SRCROOT)/../../react-native/React/**",
					"$(SRCROOT)/../node_modules/react-native/React/**",
					"$(SRCROOT)/../../../ios/mars.framework/**",
					"$(SRCROOT)/mars.framework/**",
				);
				OTHER_LDFLAGS = "-ObjC";
				PRODUCT_NAME = "$(TARGET_NAME)";
			};
			name = Release;
		};
/* End XCBuildConfiguration section */

/* Begin XCConfigurationList section */
		000B923C1E30BCDF00E278CA /* Build configuration list for PBXProject "MarsForRN" */ = {
			isa = XCConfigurationList;
			buildConfigurations = (
				000B92481E30BCDF00E278CA /* Debug */,
				000B92491E30BCDF00E278CA /* Release */,
			);
			defaultConfigurationIsVisible = 0;
			defaultConfigurationName = Release;
		};
		000B924A1E30BCDF00E278CA /* Build configuration list for PBXNativeTarget "MarsForRN" */ = {
			isa = XCConfigurationList;
			buildConfigurations = (
				000B924B1E30BCDF00E278CA /* Debug */,
				000B924C1E30BCDF00E278CA /* Release */,
			);
			defaultConfigurationIsVisible = 0;
			defaultConfigurationName = Release;
		};
/* End XCConfigurationList section */
	};
	rootObject = 000B92391E30BCDF00E278CA /* Project object */;
}
